
Microsoft Visual Studio Solution File, Format Version 12.00
# Visual Studio Version 16
VisualStudioVersion = 16.0.28621.142
MinimumVisualStudioVersion = 10.0.40219.1
Project("{9A19103F-16F7-4668-BE54-9A1E7A4F7556}") = "MvcMovie", "MvcMovie\MvcMovie.csproj", "{54104C88-56C3-4552-A9EA-149877F3E449}"
EndProject
Project("{FAE04EC0-301F-11D3-BF4B-00C04F79EFBC}") = "ComicBookGallery", "ComicBookGallery\ComicBookGallery.csproj", "{609C508E-B41A-4E40-A44B-4F3830DFC6E4}"
EndProject
Project("{9A19103F-16F7-4668-BE54-9A1E7A4F7556}") = "TTRK", "TTRK\TTRK.csproj", "{8D66D069-F58B-4E78-A644-204A2209D62A}"
EndProject
Project("{FAE04EC0-301F-11D3-BF4B-00C04F79EFBC}") = "ContosoUniversity", "ContosoUniversity\ContosoUniversity.csproj", "{7DE6198C-6F4B-44E0-8DE7-E197C4329FA1}"
EndProject
Global
	GlobalSection(SolutionConfigurationPlatforms) = preSolution
		Debug|Any CPU = Debug|Any CPU
		Release|Any CPU = Release|Any CPU
	EndGlobalSection
	GlobalSection(ProjectConfigurationPlatforms) = postSolution
		{54104C88-56C3-4552-A9EA-149877F3E449}.Debug|Any CPU.ActiveCfg = Debug|Any CPU
		{54104C88-56C3-4552-A9EA-149877F3E449}.Debug|Any CPU.Build.0 = Debug|Any CPU
		{54104C88-56C3-4552-A9EA-149877F3E449}.Release|Any CPU.ActiveCfg = Release|Any CPU
		{54104C88-56C3-4552-A9EA-149877F3E449}.Release|Any CPU.Build.0 = Release|Any CPU
		{609C508E-B41A-4E40-A44B-4F3830DFC6E4}.Debug|Any CPU.ActiveCfg = Debug|Any CPU
		{609C508E-B41A-4E40-A44B-4F3830DFC6E4}.Debug|Any CPU.Build.0 = Debug|Any CPU
		{609C508E-B41A-4E40-A44B-4F3830DFC6E4}.Release|Any CPU.ActiveCfg = Release|Any CPU
		{609C508E-B41A-4E40-A44B-4F3830DFC6E4}.Release|Any CPU.Build.0 = Release|Any CPU
		{8D66D069-F58B-4E78-A644-204A2209D62A}.Debug|Any CPU.ActiveCfg = Debug|Any CPU
		{8D66D069-F58B-4E78-A644-204A2209D62A}.Debug|Any CPU.Build.0 = Debug|Any CPU
		{8D66D069-F58B-4E78-A644-204A2209D62A}.Release|Any CPU.ActiveCfg = Release|Any CPU
		{8D66D069-F58B-4E78-A644-204A2209D62A}.Release|Any CPU.Build.0 = Release|Any CPU
		{7DE6198C-6F4B-44E0-8DE7-E197C4329FA1}.Debug|Any CPU.ActiveCfg = Debug|Any CPU
		{7DE6198C-6F4B-44E0-8DE7-E197C4329FA1}.Debug|Any CPU.Build.0 = Debug|Any CPU
		{7DE6198C-6F4B-44E0-8DE7-E197C4329FA1}.Release|Any CPU.ActiveCfg = Release|Any CPU
		{7DE6198C-6F4B-44E0-8DE7-E197C4329FA1}.Release|Any CPU.Build.0 = Release|Any CPU
	EndGlobalSection
	GlobalSection(SolutionProperties) = preSolution
		HideSolutionNode = FALSE
	EndGlobalSection
	GlobalSection(ExtensibilityGlobals) = postSolution
		SolutionGuid = {5569C5A0-C9AA-4518-83C1-E89046393947}
	EndGlobalSection
EndGlobal
